
Microsoft Visual Studio Solution File, Format Version 12.00
# Visual Studio Version 17
VisualStudioVersion = 17.13.35828.75 d17.13
MinimumVisualStudioVersion = 10.0.40219.1
Project("{FAE04EC0-301F-11D3-BF4B-00C04F79EFBC}") = "EventEase", "EventEase\EventEase.csproj", "{9901B5AF-6762-42A2-9AA7-A6D0A1D86FDA}"
EndProject
Global
	GlobalSection(SolutionConfigurationPlatforms) = preSolution
		Debug|Any CPU = Debug|Any CPU
		Release|Any CPU = Release|Any CPU
	EndGlobalSection
	GlobalSection(ProjectConfigurationPlatforms) = postSolution
		{9901B5AF-6762-42A2-9AA7-A6D0A1D86FDA}.Debug|Any CPU.ActiveCfg = Debug|Any CPU
		{9901B5AF-6762-42A2-9AA7-A6D0A1D86FDA}.Debug|Any CPU.Build.0 = Debug|Any CPU
		{9901B5AF-6762-42A2-9AA7-A6D0A1D86FDA}.Release|Any CPU.ActiveCfg = Release|Any CPU
		{9901B5AF-6762-42A2-9AA7-A6D0A1D86FDA}.Release|Any CPU.Build.0 = Release|Any CPU
	EndGlobalSection
	GlobalSection(SolutionProperties) = preSolution
		HideSolutionNode = FALSE
	EndGlobalSection
	GlobalSection(ExtensibilityGlobals) = postSolution
		SolutionGuid = {12F233B9-D3FB-43C9-BA62-A19B6503AD72}
	EndGlobalSection
EndGlobal
